Microsoft Visual Studio Solution File, Format Version 12.00
# Visual Studio Version 17
VisualStudioVersion = 17.5.2.0
MinimumVisualStudioVersion = 10.0.40219.1
Project("{FAE04EC0-301F-11D3-BF4B-00C04F79EFBC}") = "demaybay", "demaybay.csproj", "{9D171E40-33E6-9C63-8A0C-F42D349DDAC2}"
EndProject
Global
	GlobalSection(SolutionConfigurationPlatforms) = preSolution
		Debug|Any CPU = Debug|Any CPU
		Release|Any CPU = Release|Any CPU
	EndGlobalSection
	GlobalSection(ProjectConfigurationPlatforms) = postSolution
		{9D171E40-33E6-9C63-8A0C-F42D349DDAC2}.Debug|Any CPU.ActiveCfg = Debug|Any CPU
		{9D171E40-33E6-9C63-8A0C-F42D349DDAC2}.Debug|Any CPU.Build.0 = Debug|Any CPU
		{9D171E40-33E6-9C63-8A0C-F42D349DDAC2}.Release|Any CPU.ActiveCfg = Release|Any CPU
		{9D171E40-33E6-9C63-8A0C-F42D349DDAC2}.Release|Any CPU.Build.0 = Release|Any CPU
	EndGlobalSection
	GlobalSection(SolutionProperties) = preSolution
		HideSolutionNode = FALSE
	EndGlobalSection
	GlobalSection(ExtensibilityGlobals) = postSolution
		SolutionGuid = {2DB8AB5F-FE46-47A2-9112-A613FA45E93C}
	EndGlobalSection
EndGlobal
